
Microsoft Visual Studio Solution File, Format Version 12.00
# Visual Studio Version 16
VisualStudioVersion = 16.0.30413.136
MinimumVisualStudioVersion = 10.0.40219.1
Project("{FAE04EC0-301F-11D3-BF4B-00C04F79EFBC}") = "Ejercicio8.1", "Ejercicio8.1\Ejercicio8.1.csproj", "{67325E54-64E2-4639-9A8B-BFC84D94015D}"
EndProject
Global
	GlobalSection(SolutionConfigurationPlatforms) = preSolution
		Debug|Any CPU = Debug|Any CPU
		Release|Any CPU = Release|Any CPU
	EndGlobalSection
	GlobalSection(ProjectConfigurationPlatforms) = postSolution
		{67325E54-64E2-4639-9A8B-BFC84D94015D}.Debug|Any CPU.ActiveCfg = Debug|Any CPU
		{67325E54-64E2-4639-9A8B-BFC84D94015D}.Debug|Any CPU.Build.0 = Debug|Any CPU
		{67325E54-64E2-4639-9A8B-BFC84D94015D}.Release|Any CPU.ActiveCfg = Release|Any CPU
		{67325E54-64E2-4639-9A8B-BFC84D94015D}.Release|Any CPU.Build.0 = Release|Any CPU
	EndGlobalSection
	GlobalSection(SolutionProperties) = preSolution
		HideSolutionNode = FALSE
	EndGlobalSection
	GlobalSection(ExtensibilityGlobals) = postSolution
		SolutionGuid = {7B44937B-6A48-4F27-A7EC-D8F36D09D603}
	EndGlobalSection
EndGlobal
